
Microsoft Visual Studio Solution File, Format Version 12.00
# Visual Studio Version 17
VisualStudioVersion = 17.13.35806.99 d17.13
MinimumVisualStudioVersion = 10.0.40219.1
Project("{FAE04EC0-301F-11D3-BF4B-00C04F79EFBC}") = "GitStudying", "GitStudying\GitStudying.csproj", "{C2384340-97A4-46ED-9563-3D36402AEF55}"
EndProject
Global
	GlobalSection(SolutionConfigurationPlatforms) = preSolution
		Debug|Any CPU = Debug|Any CPU
		Release|Any CPU = Release|Any CPU
	EndGlobalSection
	GlobalSection(ProjectConfigurationPlatforms) = postSolution
		{C2384340-97A4-46ED-9563-3D36402AEF55}.Debug|Any CPU.ActiveCfg = Debug|Any CPU
		{C2384340-97A4-46ED-9563-3D36402AEF55}.Debug|Any CPU.Build.0 = Debug|Any CPU
		{C2384340-97A4-46ED-9563-3D36402AEF55}.Release|Any CPU.ActiveCfg = Release|Any CPU
		{C2384340-97A4-46ED-9563-3D36402AEF55}.Release|Any CPU.Build.0 = Release|Any CPU
	EndGlobalSection
	GlobalSection(SolutionProperties) = preSolution
		HideSolutionNode = FALSE
	EndGlobalSection
	GlobalSection(ExtensibilityGlobals) = postSolution
		SolutionGuid = {B984D2DC-EF62-44D9-ABCE-D421E4CCB068}
	EndGlobalSection
EndGlobal
